
Microsoft Visual Studio Solution File, Format Version 12.00
# Visual Studio Version 16
VisualStudioVersion = 16.0.30717.126
MinimumVisualStudioVersion = 10.0.40219.1
Project("{9A19103F-16F7-4668-BE54-9A1E7A4F7556}") = "GradingStudents", "GradingStudents\GradingStudents.csproj", "{01C1FFF7-1858-482B-8411-E2AC6A651A31}"
EndProject
Project("{9A19103F-16F7-4668-BE54-9A1E7A4F7556}") = "AppleAndOrange", "AppleAndOrange\AppleAndOrange.csproj", "{17BD94DC-6DED-40BF-A2D3-70FBB97D6223}"
EndProject
Project("{9A19103F-16F7-4668-BE54-9A1E7A4F7556}") = "NumberLineJumps", "NumberLineJumps\NumberLineJumps.csproj", "{C5ABE8C7-60DF-4979-820D-0EB3DA8FAAE1}"
EndProject
Project("{9A19103F-16F7-4668-BE54-9A1E7A4F7556}") = "BreakingTheRecords", "BreakingTheRecords\BreakingTheRecords.csproj", "{ACA52C54-110A-4C24-9EC1-4CAD7C8B145D}"
EndProject
Project("{9A19103F-16F7-4668-BE54-9A1E7A4F7556}") = "SubArrayDivision", "SubArrayDivision\SubArrayDivision.csproj", "{06CBA149-15EF-41F6-83E4-EC03EC61733A}"
EndProject
Project("{9A19103F-16F7-4668-BE54-9A1E7A4F7556}") = "DivisibleSumPairs", "DivisibleSumPairs\DivisibleSumPairs.csproj", "{3B34CBAF-C5E8-40F8-890B-CC8171B63CFA}"
EndProject
Project("{9A19103F-16F7-4668-BE54-9A1E7A4F7556}") = "DayOfTheProgrammer", "DayOfTheProgrammer\DayOfTheProgrammer.csproj", "{D1AB7CA4-7F51-4C16-9A73-5C6B1C933A79}"
EndProject
Project("{9A19103F-16F7-4668-BE54-9A1E7A4F7556}") = "CountingValleys", "CountingValley\CountingValleys.csproj", "{ACD3F23E-B6D7-4107-813C-8DE6E033D7E6}"
EndProject
Project("{9A19103F-16F7-4668-BE54-9A1E7A4F7556}") = "DrawingBook", "DrawingBook\DrawingBook.csproj", "{971A9558-7B84-40CA-A75A-81C5132D1082}"
EndProject
Project("{9A19103F-16F7-4668-BE54-9A1E7A4F7556}") = "BillDivision", "BillDivision\BillDivision.csproj", "{AC297983-DDB9-456D-8823-E035823CED9B}"
EndProject
Project("{9A19103F-16F7-4668-BE54-9A1E7A4F7556}") = "ElectronicsShop", "ElectronicsShop\ElectronicsShop.csproj", "{00A31331-B572-4D8D-9D18-3B52524E0246}"
EndProject
Project("{9A19103F-16F7-4668-BE54-9A1E7A4F7556}") = "CatsAndAMouse", "CatsAndAMouse\CatsAndAMouse.csproj", "{D3A70F45-50B2-4250-A066-992252325028}"
EndProject
Project("{9A19103F-16F7-4668-BE54-9A1E7A4F7556}") = "TheHurdleRace", "TheHurdleRace\TheHurdleRace.csproj", "{C390A2BA-74AF-46F1-A1D6-609467E530A5}"
EndProject
Project("{9A19103F-16F7-4668-BE54-9A1E7A4F7556}") = "DesignerPDFViewer", "DesignerPDFViewer\DesignerPDFViewer.csproj", "{99F76F03-22FF-4D29-86F6-B0D4EC613923}"
EndProject
Project("{9A19103F-16F7-4668-BE54-9A1E7A4F7556}") = "UtopianTree", "UtopianTree\UtopianTree.csproj", "{299AF3E1-C241-4C20-8CB4-F24CCF8C390D}"
EndProject
Project("{9A19103F-16F7-4668-BE54-9A1E7A4F7556}") = "AngryProfessor", "AngryProfessor\AngryProfessor.csproj", "{23FE3FBB-2948-4D27-8FB3-67BD637B5854}"
EndProject
Project("{9A19103F-16F7-4668-BE54-9A1E7A4F7556}") = "BeautifulDaysAtTheMovies", "BeautifulDaysAtTheMovies\BeautifulDaysAtTheMovies.csproj", "{FDB05344-EAEE-4783-9F09-90C0673B200D}"
EndProject
Project("{9A19103F-16F7-4668-BE54-9A1E7A4F7556}") = "ViralAdvertising", "ViralAdvertising\ViralAdvertising.csproj", "{53240EAC-6581-4458-AB0F-D4A5B8DB7AB7}"
EndProject
Project("{9A19103F-16F7-4668-BE54-9A1E7A4F7556}") = "SaveThePrisoner", "SaveThePrisoner\SaveThePrisoner.csproj", "{807519E0-5A65-47F1-ACE5-5360C3FD521C}"
EndProject
Project("{9A19103F-16F7-4668-BE54-9A1E7A4F7556}") = "JumpingOnTheClouds", "JumpingOnTheClouds\JumpingOnTheClouds.csproj", "{B81C7757-C9A5-43C5-AB6E-C594976998D0}"
EndProject
Project("{9A19103F-16F7-4668-BE54-9A1E7A4F7556}") = "FindDigits", "FindDigits\FindDigits.csproj", "{77F09B64-B5AA-4A2C-BB39-C5A0A67DEA1B}"
EndProject
Project("{9A19103F-16F7-4668-BE54-9A1E7A4F7556}") = "ExtraLongFactorials", "ExtraLongFactorials\ExtraLongFactorials.csproj", "{A26052C7-8684-4B3A-BD67-A7FAB1DECC36}"
EndProject
Project("{9A19103F-16F7-4668-BE54-9A1E7A4F7556}") = "LibraryFine", "LibraryFine\LibraryFine.csproj", "{9259C8AC-D7C8-4FD3-9AB3-2DDFF6F3A2CE}"
EndProject
Project("{9A19103F-16F7-4668-BE54-9A1E7A4F7556}") = "CutTheSticks", "CutTheSticks\CutTheSticks.csproj", "{89F74778-AB8B-45F1-958B-7CBD59C171E1}"
EndProject
Project("{9A19103F-16F7-4668-BE54-9A1E7A4F7556}") = "TaumAndBday", "TaumAndBday\TaumAndBday.csproj", "{54267753-AEB2-4F9B-B377-6C96D70F206D}"
EndProject
Project("{9A19103F-16F7-4668-BE54-9A1E7A4F7556}") = "MinimumDistances", "MinimumDistances\MinimumDistances.csproj", "{DDDFCFF6-09B9-48D4-883E-E13743AF15EF}"
EndProject
Project("{9A19103F-16F7-4668-BE54-9A1E7A4F7556}") = "ChocolateFeast", "ChocolateFeast\ChocolateFeast.csproj", "{B890AE37-BAAE-4162-B241-0D6B8887EDFF}"
EndProject
Project("{9A19103F-16F7-4668-BE54-9A1E7A4F7556}") = "FlatlandSpaceStations", "FlatlandSpaceStations\FlatlandSpaceStations.csproj", "{CF5F0331-E4B7-411C-B971-9F62442A3388}"
EndProject
Project("{9A19103F-16F7-4668-BE54-9A1E7A4F7556}") = "SalesByMatch", "SalesByMatch\SalesByMatch.csproj", "{75CF5B31-F7B9-43AC-9CCF-E80C7B672448}"
EndProject
Project("{9A19103F-16F7-4668-BE54-9A1E7A4F7556}") = "PickingNumbers", "PickingNumbers\PickingNumbers.csproj", "{02F7ACB1-4B48-4537-B6DA-513D397A9EAA}"
EndProject
Project("{9A19103F-16F7-4668-BE54-9A1E7A4F7556}") = "SequenceEquation", "SequenceEquation\SequenceEquation.csproj", "{B026D730-ED1D-4E8F-8AD8-4A4615A4CD38}"
EndProject
Project("{9A19103F-16F7-4668-BE54-9A1E7A4F7556}") = "JumpingOnTheCloudsRevisited", "JumpingOnTheCloudsRevisited\JumpingOnTheCloudsRevisited.csproj", "{51EF7748-A31A-4B19-A8A5-4DEB6E960593}"
EndProject
Project("{9A19103F-16F7-4668-BE54-9A1E7A4F7556}") = "ModifiedKaprekarNumbers", "ModifiedKaprekarNumbers\ModifiedKaprekarNumbers.csproj", "{9C5E5BB7-099E-468B-91B0-C2068C84A383}"
EndProject
Project("{9A19103F-16F7-4668-BE54-9A1E7A4F7556}") = "LisasWorkbook", "LisasWorkbook\LisasWorkbook.csproj", "{13E80B1C-E04F-4CC9-97EA-093E4B6EDD4F}"
EndProject
Project("{9A19103F-16F7-4668-BE54-9A1E7A4F7556}") = "FairRations", "FairRations\FairRations.csproj", "{1E481265-A003-4ED3-BEBD-C3A681FFD86C}"
EndProject
Project("{FAE04EC0-301F-11D3-BF4B-00C04F79EFBC}") = "MigratoryBirds", "MigratoryBirds\MigratoryBirds.csproj", "{FF550045-BD49-45EF-81E8-9484705D2BE9}"
EndProject
Global
	GlobalSection(SolutionConfigurationPlatforms) = preSolution
		Debug|Any CPU = Debug|Any CPU
		Release|Any CPU = Release|Any CPU
	EndGlobalSection
	GlobalSection(ProjectConfigurationPlatforms) = postSolution
		{01C1FFF7-1858-482B-8411-E2AC6A651A31}.Debug|Any CPU.ActiveCfg = Debug|Any CPU
		{01C1FFF7-1858-482B-8411-E2AC6A651A31}.Debug|Any CPU.Build.0 = Debug|Any CPU
		{01C1FFF7-1858-482B-8411-E2AC6A651A31}.Release|Any CPU.ActiveCfg = Release|Any CPU
		{01C1FFF7-1858-482B-8411-E2AC6A651A31}.Release|Any CPU.Build.0 = Release|Any CPU
		{17BD94DC-6DED-40BF-A2D3-70FBB97D6223}.Debug|Any CPU.ActiveCfg = Debug|Any CPU
		{17BD94DC-6DED-40BF-A2D3-70FBB97D6223}.Debug|Any CPU.Build.0 = Debug|Any CPU
		{17BD94DC-6DED-40BF-A2D3-70FBB97D6223}.Release|Any CPU.ActiveCfg = Release|Any CPU
		{17BD94DC-6DED-40BF-A2D3-70FBB97D6223}.Release|Any CPU.Build.0 = Release|Any CPU
		{C5ABE8C7-60DF-4979-820D-0EB3DA8FAAE1}.Debug|Any CPU.ActiveCfg = Debug|Any CPU
		{C5ABE8C7-60DF-4979-820D-0EB3DA8FAAE1}.Debug|Any CPU.Build.0 = Debug|Any CPU
		{C5ABE8C7-60DF-4979-820D-0EB3DA8FAAE1}.Release|Any CPU.ActiveCfg = Release|Any CPU
		{C5ABE8C7-60DF-4979-820D-0EB3DA8FAAE1}.Release|Any CPU.Build.0 = Release|Any CPU
		{ACA52C54-110A-4C24-9EC1-4CAD7C8B145D}.Debug|Any CPU.ActiveCfg = Debug|Any CPU
		{ACA52C54-110A-4C24-9EC1-4CAD7C8B145D}.Debug|Any CPU.Build.0 = Debug|Any CPU
		{ACA52C54-110A-4C24-9EC1-4CAD7C8B145D}.Release|Any CPU.ActiveCfg = Release|Any CPU
		{ACA52C54-110A-4C24-9EC1-4CAD7C8B145D}.Release|Any CPU.Build.0 = Release|Any CPU
		{06CBA149-15EF-41F6-83E4-EC03EC61733A}.Debug|Any CPU.ActiveCfg = Debug|Any CPU
		{06CBA149-15EF-41F6-83E4-EC03EC61733A}.Debug|Any CPU.Build.0 = Debug|Any CPU
		{06CBA149-15EF-41F6-83E4-EC03EC61733A}.Release|Any CPU.ActiveCfg = Release|Any CPU
		{06CBA149-15EF-41F6-83E4-EC03EC61733A}.Release|Any CPU.Build.0 = Release|Any CPU
		{3B34CBAF-C5E8-40F8-890B-CC8171B63CFA}.Debug|Any CPU.ActiveCfg = Debug|Any CPU
		{3B34CBAF-C5E8-40F8-890B-CC8171B63CFA}.Debug|Any CPU.Build.0 = Debug|Any CPU
		{3B34CBAF-C5E8-40F8-890B-CC8171B63CFA}.Release|Any CPU.ActiveCfg = Release|Any CPU
		{3B34CBAF-C5E8-40F8-890B-CC8171B63CFA}.Release|Any CPU.Build.0 = Release|Any CPU
		{D1AB7CA4-7F51-4C16-9A73-5C6B1C933A79}.Debug|Any CPU.ActiveCfg = Debug|Any CPU
		{D1AB7CA4-7F51-4C16-9A73-5C6B1C933A79}.Debug|Any CPU.Build.0 = Debug|Any CPU
		{D1AB7CA4-7F51-4C16-9A73-5C6B1C933A79}.Release|Any CPU.ActiveCfg = Release|Any CPU
		{D1AB7CA4-7F51-4C16-9A73-5C6B1C933A79}.Release|Any CPU.Build.0 = Release|Any CPU
		{ACD3F23E-B6D7-4107-813C-8DE6E033D7E6}.Debug|Any CPU.ActiveCfg = Debug|Any CPU
		{ACD3F23E-B6D7-4107-813C-8DE6E033D7E6}.Debug|Any CPU.Build.0 = Debug|Any CPU
		{ACD3F23E-B6D7-4107-813C-8DE6E033D7E6}.Release|Any CPU.ActiveCfg = Release|Any CPU
		{ACD3F23E-B6D7-4107-813C-8DE6E033D7E6}.Release|Any CPU.Build.0 = Release|Any CPU
		{971A9558-7B84-40CA-A75A-81C5132D1082}.Debug|Any CPU.ActiveCfg = Debug|Any CPU
		{971A9558-7B84-40CA-A75A-81C5132D1082}.Debug|Any CPU.Build.0 = Debug|Any CPU
		{971A9558-7B84-40CA-A75A-81C5132D1082}.Release|Any CPU.ActiveCfg = Release|Any CPU
		{971A9558-7B84-40CA-A75A-81C5132D1082}.Release|Any CPU.Build.0 = Release|Any CPU
		{AC297983-DDB9-456D-8823-E035823CED9B}.Debug|Any CPU.ActiveCfg = Debug|Any CPU
		{AC297983-DDB9-456D-8823-E035823CED9B}.Debug|Any CPU.Build.0 = Debug|Any CPU
		{AC297983-DDB9-456D-8823-E035823CED9B}.Release|Any CPU.ActiveCfg = Release|Any CPU
		{AC297983-DDB9-456D-8823-E035823CED9B}.Release|Any CPU.Build.0 = Release|Any CPU
		{00A31331-B572-4D8D-9D18-3B52524E0246}.Debug|Any CPU.ActiveCfg = Debug|Any CPU
		{00A31331-B572-4D8D-9D18-3B52524E0246}.Debug|Any CPU.Build.0 = Debug|Any CPU
		{00A31331-B572-4D8D-9D18-3B52524E0246}.Release|Any CPU.ActiveCfg = Release|Any CPU
		{00A31331-B572-4D8D-9D18-3B52524E0246}.Release|Any CPU.Build.0 = Release|Any CPU
		{D3A70F45-50B2-4250-A066-992252325028}.Debug|Any CPU.ActiveCfg = Debug|Any CPU
		{D3A70F45-50B2-4250-A066-992252325028}.Debug|Any CPU.Build.0 = Debug|Any CPU
		{D3A70F45-50B2-4250-A066-992252325028}.Release|Any CPU.ActiveCfg = Release|Any CPU
		{D3A70F45-50B2-4250-A066-992252325028}.Release|Any CPU.Build.0 = Release|Any CPU
		{C390A2BA-74AF-46F1-A1D6-609467E530A5}.Debug|Any CPU.ActiveCfg = Debug|Any CPU
		{C390A2BA-74AF-46F1-A1D6-609467E530A5}.Debug|Any CPU.Build.0 = Debug|Any CPU
		{C390A2BA-74AF-46F1-A1D6-609467E530A5}.Release|Any CPU.ActiveCfg = Release|Any CPU
		{C390A2BA-74AF-46F1-A1D6-609467E530A5}.Release|Any CPU.Build.0 = Release|Any CPU
		{99F76F03-22FF-4D29-86F6-B0D4EC613923}.Debug|Any CPU.ActiveCfg = Debug|Any CPU
		{99F76F03-22FF-4D29-86F6-B0D4EC613923}.Debug|Any CPU.Build.0 = Debug|Any CPU
		{99F76F03-22FF-4D29-86F6-B0D4EC613923}.Release|Any CPU.ActiveCfg = Release|Any CPU
		{99F76F03-22FF-4D29-86F6-B0D4EC613923}.Release|Any CPU.Build.0 = Release|Any CPU
		{299AF3E1-C241-4C20-8CB4-F24CCF8C390D}.Debug|Any CPU.ActiveCfg = Debug|Any CPU
		{299AF3E1-C241-4C20-8CB4-F24CCF8C390D}.Debug|Any CPU.Build.0 = Debug|Any CPU
		{299AF3E1-C241-4C20-8CB4-F24CCF8C390D}.Release|Any CPU.ActiveCfg = Release|Any CPU
		{299AF3E1-C241-4C20-8CB4-F24CCF8C390D}.Release|Any CPU.Build.0 = Release|Any CPU
		{23FE3FBB-2948-4D27-8FB3-67BD637B5854}.Debug|Any CPU.ActiveCfg = Debug|Any CPU
		{23FE3FBB-2948-4D27-8FB3-67BD637B5854}.Debug|Any CPU.Build.0 = Debug|Any CPU
		{23FE3FBB-2948-4D27-8FB3-67BD637B5854}.Release|Any CPU.ActiveCfg = Release|Any CPU
		{23FE3FBB-2948-4D27-8FB3-67BD637B5854}.Release|Any CPU.Build.0 = Release|Any CPU
		{FDB05344-EAEE-4783-9F09-90C0673B200D}.Debug|Any CPU.ActiveCfg = Debug|Any CPU
		{FDB05344-EAEE-4783-9F09-90C0673B200D}.Debug|Any CPU.Build.0 = Debug|Any CPU
		{FDB05344-EAEE-4783-9F09-90C0673B200D}.Release|Any CPU.ActiveCfg = Release|Any CPU
		{FDB05344-EAEE-4783-9F09-90C0673B200D}.Release|Any CPU.Build.0 = Release|Any CPU
		{53240EAC-6581-4458-AB0F-D4A5B8DB7AB7}.Debug|Any CPU.ActiveCfg = Debug|Any CPU
		{53240EAC-6581-4458-AB0F-D4A5B8DB7AB7}.Debug|Any CPU.Build.0 = Debug|Any CPU
		{53240EAC-6581-4458-AB0F-D4A5B8DB7AB7}.Release|Any CPU.ActiveCfg = Release|Any CPU
		{53240EAC-6581-4458-AB0F-D4A5B8DB7AB7}.Release|Any CPU.Build.0 = Release|Any CPU
		{807519E0-5A65-47F1-ACE5-5360C3FD521C}.Debug|Any CPU.ActiveCfg = Debug|Any CPU
		{807519E0-5A65-47F1-ACE5-5360C3FD521C}.Debug|Any CPU.Build.0 = Debug|Any CPU
		{807519E0-5A65-47F1-ACE5-5360C3FD521C}.Release|Any CPU.ActiveCfg = Release|Any CPU
		{807519E0-5A65-47F1-ACE5-5360C3FD521C}.Release|Any CPU.Build.0 = Release|Any CPU
		{B81C7757-C9A5-43C5-AB6E-C594976998D0}.Debug|Any CPU.ActiveCfg = Debug|Any CPU
		{B81C7757-C9A5-43C5-AB6E-C594976998D0}.Debug|Any CPU.Build.0 = Debug|Any CPU
		{B81C7757-C9A5-43C5-AB6E-C594976998D0}.Release|Any CPU.ActiveCfg = Release|Any CPU
		{B81C7757-C9A5-43C5-AB6E-C594976998D0}.Release|Any CPU.Build.0 = Release|Any CPU
		{77F09B64-B5AA-4A2C-BB39-C5A0A67DEA1B}.Debug|Any CPU.ActiveCfg = Debug|Any CPU
		{77F09B64-B5AA-4A2C-BB39-C5A0A67DEA1B}.Debug|Any CPU.Build.0 = Debug|Any CPU
		{77F09B64-B5AA-4A2C-BB39-C5A0A67DEA1B}.Release|Any CPU.ActiveCfg = Release|Any CPU
		{77F09B64-B5AA-4A2C-BB39-C5A0A67DEA1B}.Release|Any CPU.Build.0 = Release|Any CPU
		{A26052C7-8684-4B3A-BD67-A7FAB1DECC36}.Debug|Any CPU.ActiveCfg = Debug|Any CPU
		{A26052C7-8684-4B3A-BD67-A7FAB1DECC36}.Debug|Any CPU.Build.0 = Debug|Any CPU
		{A26052C7-8684-4B3A-BD67-A7FAB1DECC36}.Release|Any CPU.ActiveCfg = Release|Any CPU
		{A26052C7-8684-4B3A-BD67-A7FAB1DECC36}.Release|Any CPU.Build.0 = Release|Any CPU
		{9259C8AC-D7C8-4FD3-9AB3-2DDFF6F3A2CE}.Debug|Any CPU.ActiveCfg = Debug|Any CPU
		{9259C8AC-D7C8-4FD3-9AB3-2DDFF6F3A2CE}.Debug|Any CPU.Build.0 = Debug|Any CPU
		{9259C8AC-D7C8-4FD3-9AB3-2DDFF6F3A2CE}.Release|Any CPU.ActiveCfg = Release|Any CPU
		{9259C8AC-D7C8-4FD3-9AB3-2DDFF6F3A2CE}.Release|Any CPU.Build.0 = Release|Any CPU
		{89F74778-AB8B-45F1-958B-7CBD59C171E1}.Debug|Any CPU.ActiveCfg = Debug|Any CPU
		{89F74778-AB8B-45F1-958B-7CBD59C171E1}.Debug|Any CPU.Build.0 = Debug|Any CPU
		{89F74778-AB8B-45F1-958B-7CBD59C171E1}.Release|Any CPU.ActiveCfg = Release|Any CPU
		{89F74778-AB8B-45F1-958B-7CBD59C171E1}.Release|Any CPU.Build.0 = Release|Any CPU
		{54267753-AEB2-4F9B-B377-6C96D70F206D}.Debug|Any CPU.ActiveCfg = Debug|Any CPU
		{54267753-AEB2-4F9B-B377-6C96D70F206D}.Debug|Any CPU.Build.0 = Debug|Any CPU
		{54267753-AEB2-4F9B-B377-6C96D70F206D}.Release|Any CPU.ActiveCfg = Release|Any CPU
		{54267753-AEB2-4F9B-B377-6C96D70F206D}.Release|Any CPU.Build.0 = Release|Any CPU
		{DDDFCFF6-09B9-48D4-883E-E13743AF15EF}.Debug|Any CPU.ActiveCfg = Debug|Any CPU
		{DDDFCFF6-09B9-48D4-883E-E13743AF15EF}.Debug|Any CPU.Build.0 = Debug|Any CPU
		{DDDFCFF6-09B9-48D4-883E-E13743AF15EF}.Release|Any CPU.ActiveCfg = Release|Any CPU
		{DDDFCFF6-09B9-48D4-883E-E13743AF15EF}.Release|Any CPU.Build.0 = Release|Any CPU
		{B890AE37-BAAE-4162-B241-0D6B8887EDFF}.Debug|Any CPU.ActiveCfg = Debug|Any CPU
		{B890AE37-BAAE-4162-B241-0D6B8887EDFF}.Debug|Any CPU.Build.0 = Debug|Any CPU
		{B890AE37-BAAE-4162-B241-0D6B8887EDFF}.Release|Any CPU.ActiveCfg = Release|Any CPU
		{B890AE37-BAAE-4162-B241-0D6B8887EDFF}.Release|Any CPU.Build.0 = Release|Any CPU
		{CF5F0331-E4B7-411C-B971-9F62442A3388}.Debug|Any CPU.ActiveCfg = Debug|Any CPU
		{CF5F0331-E4B7-411C-B971-9F62442A3388}.Debug|Any CPU.Build.0 = Debug|Any CPU
		{CF5F0331-E4B7-411C-B971-9F62442A3388}.Release|Any CPU.ActiveCfg = Release|Any CPU
		{CF5F0331-E4B7-411C-B971-9F62442A3388}.Release|Any CPU.Build.0 = Release|Any CPU
		{75CF5B31-F7B9-43AC-9CCF-E80C7B672448}.Debug|Any CPU.ActiveCfg = Debug|Any CPU
		{75CF5B31-F7B9-43AC-9CCF-E80C7B672448}.Debug|Any CPU.Build.0 = Debug|Any CPU
		{75CF5B31-F7B9-43AC-9CCF-E80C7B672448}.Release|Any CPU.ActiveCfg = Release|Any CPU
		{75CF5B31-F7B9-43AC-9CCF-E80C7B672448}.Release|Any CPU.Build.0 = Release|Any CPU
		{02F7ACB1-4B48-4537-B6DA-513D397A9EAA}.Debug|Any CPU.ActiveCfg = Debug|Any CPU
		{02F7ACB1-4B48-4537-B6DA-513D397A9EAA}.Debug|Any CPU.Build.0 = Debug|Any CPU
		{02F7ACB1-4B48-4537-B6DA-513D397A9EAA}.Release|Any CPU.ActiveCfg = Release|Any CPU
		{02F7ACB1-4B48-4537-B6DA-513D397A9EAA}.Release|Any CPU.Build.0 = Release|Any CPU
		{B026D730-ED1D-4E8F-8AD8-4A4615A4CD38}.Debug|Any CPU.ActiveCfg = Debug|Any CPU
		{B026D730-ED1D-4E8F-8AD8-4A4615A4CD38}.Debug|Any CPU.Build.0 = Debug|Any CPU
		{B026D730-ED1D-4E8F-8AD8-4A4615A4CD38}.Release|Any CPU.ActiveCfg = Release|Any CPU
		{B026D730-ED1D-4E8F-8AD8-4A4615A4CD38}.Release|Any CPU.Build.0 = Release|Any CPU
		{51EF7748-A31A-4B19-A8A5-4DEB6E960593}.Debug|Any CPU.ActiveCfg = Debug|Any CPU
		{51EF7748-A31A-4B19-A8A5-4DEB6E960593}.Debug|Any CPU.Build.0 = Debug|Any CPU
		{51EF7748-A31A-4B19-A8A5-4DEB6E960593}.Release|Any CPU.ActiveCfg = Release|Any CPU
		{51EF7748-A31A-4B19-A8A5-4DEB6E960593}.Release|Any CPU.Build.0 = Release|Any CPU
		{9C5E5BB7-099E-468B-91B0-C2068C84A383}.Debug|Any CPU.ActiveCfg = Debug|Any CPU
		{9C5E5BB7-099E-468B-91B0-C2068C84A383}.Debug|Any CPU.Build.0 = Debug|Any CPU
		{9C5E5BB7-099E-468B-91B0-C2068C84A383}.Release|Any CPU.ActiveCfg = Release|Any CPU
		{9C5E5BB7-099E-468B-91B0-C2068C84A383}.Release|Any CPU.Build.0 = Release|Any CPU
		{13E80B1C-E04F-4CC9-97EA-093E4B6EDD4F}.Debug|Any CPU.ActiveCfg = Debug|Any CPU
		{13E80B1C-E04F-4CC9-97EA-093E4B6EDD4F}.Debug|Any CPU.Build.0 = Debug|Any CPU
		{13E80B1C-E04F-4CC9-97EA-093E4B6EDD4F}.Release|Any CPU.ActiveCfg = Release|Any CPU
		{13E80B1C-E04F-4CC9-97EA-093E4B6EDD4F}.Release|Any CPU.Build.0 = Release|Any CPU
		{1E481265-A003-4ED3-BEBD-C3A681FFD86C}.Debug|Any CPU.ActiveCfg = Debug|Any CPU
		{1E481265-A003-4ED3-BEBD-C3A681FFD86C}.Debug|Any CPU.Build.0 = Debug|Any CPU
		{1E481265-A003-4ED3-BEBD-C3A681FFD86C}.Release|Any CPU.ActiveCfg = Release|Any CPU
		{1E481265-A003-4ED3-BEBD-C3A681FFD86C}.Release|Any CPU.Build.0 = Release|Any CPU
		{FF550045-BD49-45EF-81E8-9484705D2BE9}.Debug|Any CPU.ActiveCfg = Debug|Any CPU
		{FF550045-BD49-45EF-81E8-9484705D2BE9}.Debug|Any CPU.Build.0 = Debug|Any CPU
		{FF550045-BD49-45EF-81E8-9484705D2BE9}.Release|Any CPU.ActiveCfg = Release|Any CPU
		{FF550045-BD49-45EF-81E8-9484705D2BE9}.Release|Any CPU.Build.0 = Release|Any CPU
	EndGlobalSection
	GlobalSection(SolutionProperties) = preSolution
		HideSolutionNode = FALSE
	EndGlobalSection
	GlobalSection(ExtensibilityGlobals) = postSolution
		SolutionGuid = {5A238D81-415B-4F84-95C3-1149251028EB}
	EndGlobalSection
EndGlobal
