
Microsoft Visual Studio Solution File, Format Version 12.00
# Visual Studio Version 16
VisualStudioVersion = 16.0.31019.35
MinimumVisualStudioVersion = 10.0.40219.1
Project("{9A19103F-16F7-4668-BE54-9A1E7A4F7556}") = "Print the Elements of a Linked List", "Print the Elements of a Linked List\Print the Elements of a Linked List.csproj", "{9477FFD6-BE87-4458-9B4A-5433ABAF7762}"
EndProject
Project("{9A19103F-16F7-4668-BE54-9A1E7A4F7556}") = "Insert a Node at the Tail of a Linked List", "Insert a Node at the Tail of a Linked List\Insert a Node at the Tail of a Linked List.csproj", "{13334DD6-0E46-49DE-B6AD-D7A72EB4D4FF}"
EndProject
Project("{FAE04EC0-301F-11D3-BF4B-00C04F79EFBC}") = "Insert a Node at the Head of a Linked List", "Insert a Node at the Head of a Linked List\Insert a Node at the Head of a Linked List.csproj", "{9E31B3A7-0DF6-4CC8-BD8E-430B59F4E6DA}"
EndProject
Project("{FAE04EC0-301F-11D3-BF4B-00C04F79EFBC}") = "Insert a Node at a Specific Position", "Insert a Node at a Specific Position\Insert a Node at a Specific Position.csproj", "{AFA9C3DB-C7B7-475D-99CE-68FA6CD4D73C}"
EndProject
Project("{FAE04EC0-301F-11D3-BF4B-00C04F79EFBC}") = "Delete a Node", "Delete a Node\Delete a Node.csproj", "{C39E59ED-839C-496D-8D69-F286E55845C0}"
EndProject
Project("{FAE04EC0-301F-11D3-BF4B-00C04F79EFBC}") = "Print in Reverse", "Print in Reverse\Print in Reverse.csproj", "{A9F06BE9-B23E-4DC2-B79A-6BD5F4A27562}"
EndProject
Global
	GlobalSection(SolutionConfigurationPlatforms) = preSolution
		Debug|Any CPU = Debug|Any CPU
		Release|Any CPU = Release|Any CPU
	EndGlobalSection
	GlobalSection(ProjectConfigurationPlatforms) = postSolution
		{9477FFD6-BE87-4458-9B4A-5433ABAF7762}.Debug|Any CPU.ActiveCfg = Debug|Any CPU
		{9477FFD6-BE87-4458-9B4A-5433ABAF7762}.Debug|Any CPU.Build.0 = Debug|Any CPU
		{9477FFD6-BE87-4458-9B4A-5433ABAF7762}.Release|Any CPU.ActiveCfg = Release|Any CPU
		{9477FFD6-BE87-4458-9B4A-5433ABAF7762}.Release|Any CPU.Build.0 = Release|Any CPU
		{13334DD6-0E46-49DE-B6AD-D7A72EB4D4FF}.Debug|Any CPU.ActiveCfg = Debug|Any CPU
		{13334DD6-0E46-49DE-B6AD-D7A72EB4D4FF}.Debug|Any CPU.Build.0 = Debug|Any CPU
		{13334DD6-0E46-49DE-B6AD-D7A72EB4D4FF}.Release|Any CPU.ActiveCfg = Release|Any CPU
		{13334DD6-0E46-49DE-B6AD-D7A72EB4D4FF}.Release|Any CPU.Build.0 = Release|Any CPU
		{9E31B3A7-0DF6-4CC8-BD8E-430B59F4E6DA}.Debug|Any CPU.ActiveCfg = Debug|Any CPU
		{9E31B3A7-0DF6-4CC8-BD8E-430B59F4E6DA}.Debug|Any CPU.Build.0 = Debug|Any CPU
		{9E31B3A7-0DF6-4CC8-BD8E-430B59F4E6DA}.Release|Any CPU.ActiveCfg = Release|Any CPU
		{9E31B3A7-0DF6-4CC8-BD8E-430B59F4E6DA}.Release|Any CPU.Build.0 = Release|Any CPU
		{AFA9C3DB-C7B7-475D-99CE-68FA6CD4D73C}.Debug|Any CPU.ActiveCfg = Debug|Any CPU
		{AFA9C3DB-C7B7-475D-99CE-68FA6CD4D73C}.Debug|Any CPU.Build.0 = Debug|Any CPU
		{AFA9C3DB-C7B7-475D-99CE-68FA6CD4D73C}.Release|Any CPU.ActiveCfg = Release|Any CPU
		{AFA9C3DB-C7B7-475D-99CE-68FA6CD4D73C}.Release|Any CPU.Build.0 = Release|Any CPU
		{C39E59ED-839C-496D-8D69-F286E55845C0}.Debug|Any CPU.ActiveCfg = Debug|Any CPU
		{C39E59ED-839C-496D-8D69-F286E55845C0}.Debug|Any CPU.Build.0 = Debug|Any CPU
		{C39E59ED-839C-496D-8D69-F286E55845C0}.Release|Any CPU.ActiveCfg = Release|Any CPU
		{C39E59ED-839C-496D-8D69-F286E55845C0}.Release|Any CPU.Build.0 = Release|Any CPU
		{A9F06BE9-B23E-4DC2-B79A-6BD5F4A27562}.Debug|Any CPU.ActiveCfg = Debug|Any CPU
		{A9F06BE9-B23E-4DC2-B79A-6BD5F4A27562}.Debug|Any CPU.Build.0 = Debug|Any CPU
		{A9F06BE9-B23E-4DC2-B79A-6BD5F4A27562}.Release|Any CPU.ActiveCfg = Release|Any CPU
		{A9F06BE9-B23E-4DC2-B79A-6BD5F4A27562}.Release|Any CPU.Build.0 = Release|Any CPU
	EndGlobalSection
	GlobalSection(SolutionProperties) = preSolution
		HideSolutionNode = FALSE
	EndGlobalSection
	GlobalSection(ExtensibilityGlobals) = postSolution
		SolutionGuid = {A926CB78-A7E4-465A-8F0B-471A36198380}
	EndGlobalSection
EndGlobal
